
Microsoft Visual Studio Solution File, Format Version 12.00
# Visual Studio 2013
VisualStudioVersion = 12.0.30501.0
MinimumVisualStudioVersion = 10.0.40219.1
Project("{FAE04EC0-301F-11D3-BF4B-00C04F79EFBC}") = "GeoPhotoSlideshow.Console", "GeoPhotoSlideshow.Console\GeoPhotoSlideshow.Console.csproj", "{972388C0-488C-4803-907E-8499DCF448B4}"
EndProject
Project("{FAE04EC0-301F-11D3-BF4B-00C04F79EFBC}") = "GeoPhotoSlideshow.Core", "GeoPhotoSlideshow.Core\GeoPhotoSlideshow.Core.csproj", "{65E02291-7BFA-4B4D-BEE6-7B10D004EF78}"
EndProject
Global
	GlobalSection(SolutionConfigurationPlatforms) = preSolution
		Debug|Any CPU = Debug|Any CPU
		Release|Any CPU = Release|Any CPU
	EndGlobalSection
	GlobalSection(ProjectConfigurationPlatforms) = postSolution
		{972388C0-488C-4803-907E-8499DCF448B4}.Debug|Any CPU.ActiveCfg = Debug|Any CPU
		{972388C0-488C-4803-907E-8499DCF448B4}.Debug|Any CPU.Build.0 = Debug|Any CPU
		{972388C0-488C-4803-907E-8499DCF448B4}.Release|Any CPU.ActiveCfg = Release|Any CPU
		{972388C0-488C-4803-907E-8499DCF448B4}.Release|Any CPU.Build.0 = Release|Any CPU
		{65E02291-7BFA-4B4D-BEE6-7B10D004EF78}.Debug|Any CPU.ActiveCfg = Debug|Any CPU
		{65E02291-7BFA-4B4D-BEE6-7B10D004EF78}.Debug|Any CPU.Build.0 = Debug|Any CPU
		{65E02291-7BFA-4B4D-BEE6-7B10D004EF78}.Release|Any CPU.ActiveCfg = Release|Any CPU
		{65E02291-7BFA-4B4D-BEE6-7B10D004EF78}.Release|Any CPU.Build.0 = Release|Any CPU
	EndGlobalSection
	GlobalSection(SolutionProperties) = preSolution
		HideSolutionNode = FALSE
	EndGlobalSection
EndGlobal
